// !$*UTF8*$!
{
	archiveVersion = 1;
	classes = {
	};
	objectVersion = 46;
	objects = {

/* Begin PBXBuildFile section */
		4A8AD1BA1BE727F3001DA86E /* 1.gif in Resources */ = {isa = PBXBuildFile; fileRef = 4A8AD1B91BE727F3001DA86E /* 1.gif */; };
		4AC454F31BE6EFEE00755434 /* main.m in Sources */ = {isa = PBXBuildFile; fileRef = 4AC454F21BE6EFEE00755434 /* main.m */; };
		4AC454F61BE6EFEE00755434 /* AppDelegate.m in Sources */ = {isa = PBXBuildFile; fileRef = 4AC454F51BE6EFEE00755434 /* AppDelegate.m */; };
		4AC454F91BE6EFEE00755434 /* ViewController.m in Sources */ = {isa = PBXBuildFile; fileRef = 4AC454F81BE6EFEE00755434 /* ViewController.m */; };
		4AC454FC1BE6EFEE00755434 /* Main.storyboard in Resources */ = {isa = PBXBuildFile; fileRef = 4AC454FA1BE6EFEE00755434 /* Main.storyboard */; };
		4AC454FE1BE6EFEE00755434 /* Assets.xcassets in Resources */ = {isa = PBXBuildFile; fileRef = 4AC454FD1BE6EFEE00755434 /* Assets.xcassets */; };
		4AC455011BE6EFEE00755434 /* LaunchScreen.storyboard in Resources */ = {isa = PBXBuildFile; fileRef = 4AC454FF1BE6EFEE00755434 /* LaunchScreen.storyboard */; };
		4AC4550C1BE6EFEE00755434 /* ________Tests.m in Sources */ = {isa = PBXBuildFile; fileRef = 4AC4550B1BE6EFEE00755434 /* ________Tests.m */; };
		4AC455171BE6EFEE00755434 /* ________UITests.m in Sources */ = {isa = PBXBuildFile; fileRef = 4AC455161BE6EFEE00755434 /* ________UITests.m */; };
		4AC455271BE6F05700755434 /* XQSelectMenuView.m in Sources */ = {isa = PBXBuildFile; fileRef = 4AC455261BE6F05700755434 /* XQSelectMenuView.m */; };
		4AC4552A1BE6F1BA00755434 /* XQSelectMenuCollectionviewController.m in Sources */ = {isa = PBXBuildFile; fileRef = 4AC455291BE6F1BA00755434 /* XQSelectMenuCollectionviewController.m */; };
		4AC4552D1BE6F1DF00755434 /* XQSelectMenuItem.m in Sources */ = {isa = PBXBuildFile; fileRef = 4AC4552C1BE6F1DF00755434 /* XQSelectMenuItem.m */; };
/* End PBXBuildFile section */

/* Begin PBXContainerItemProxy section */
		4AC455081BE6EFEE00755434 /* PBXContainerItemProxy */ = {
			isa = PBXContainerItemProxy;
			containerPortal = 4AC454E61BE6EFEE00755434 /* Project object */;
			proxyType = 1;
			remoteGlobalIDString = 4AC454ED1BE6EFEE00755434;
			remoteInfo = "上下级菜单选择器";
		};
		4AC455131BE6EFEE00755434 /* PBXContainerItemProxy */ = {
			isa = PBXContainerItemProxy;
			containerPortal = 4AC454E61BE6EFEE00755434 /* Project object */;
			proxyType = 1;
			remoteGlobalIDString = 4AC454ED1BE6EFEE00755434;
			remoteInfo = "上下级菜单选择器";
		};
/* End PBXContainerItemProxy section */

/* Begin PBXFileReference section */
		4A8AD1B91BE727F3001DA86E /* 1.gif */ = {isa = PBXFileReference; lastKnownFileType = image.gif; path = 1.gif; sourceTree = "<group>"; };
		4AC454EE1BE6EFEE00755434 /* 上下级菜单选择器.app */ = {isa = PBXFileReference; explicitFileType = wrapper.application; includeInIndex = 0; path = "上下级菜单选择器.app"; sourceTree = BUILT_PRODUCTS_DIR; };
		4AC454F21BE6EFEE00755434 /* main.m */ = {isa = PBXFileReference; lastKnownFileType = sourcecode.c.objc; path = main.m; sourceTree = "<group>"; };
		4AC454F41BE6EFEE00755434 /* AppDelegate.h */ = {isa = PBXFileReference; lastKnownFileType = sourcecode.c.h; path = AppDelegate.h; sourceTree = "<group>"; };
		4AC454F51BE6EFEE00755434 /* AppDelegate.m */ = {isa = PBXFileReference; lastKnownFileType = sourcecode.c.objc; path = AppDelegate.m; sourceTree = "<group>"; };
		4AC454F71BE6EFEE00755434 /* ViewController.h */ = {isa = PBXFileReference; lastKnownFileType = sourcecode.c.h; path = ViewController.h; sourceTree = "<group>"; };
		4AC454F81BE6EFEE00755434 /* ViewController.m */ = {isa = PBXFileReference; lastKnownFileType = sourcecode.c.objc; path = ViewController.m; sourceTree = "<group>"; };
		4AC454FB1BE6EFEE00755434 /* Base */ = {isa = PBXFileReference; lastKnownFileType = file.storyboard; name = Base; path = Base.lproj/Main.storyboard; sourceTree = "<group>"; };
		4AC454FD1BE6EFEE00755434 /* Assets.xcassets */ = {isa = PBXFileReference; lastKnownFileType = folder.assetcatalog; path = Assets.xcassets; sourceTree = "<group>"; };
		4AC455001BE6EFEE00755434 /* Base */ = {isa = PBXFileReference; lastKnownFileType = file.storyboard; name = Base; path = Base.lproj/LaunchScreen.storyboard; sourceTree = "<group>"; };
		4AC455021BE6EFEE00755434 /* Info.plist */ = {isa = PBXFileReference; lastKnownFileType = text.plist.xml; path = Info.plist; sourceTree = "<group>"; };
		4AC455071BE6EFEE00755434 /* 上下级菜单选择器Tests.xctest */ = {isa = PBXFileReference; explicitFileType = wrapper.cfbundle; includeInIndex = 0; path = "上下级菜单选择器Tests.xctest"; sourceTree = BUILT_PRODUCTS_DIR; };
		4AC4550B1BE6EFEE00755434 /* ________Tests.m */ = {isa = PBXFileReference; lastKnownFileType = sourcecode.c.objc; path = "________Tests.m"; sourceTree = "<group>"; };
		4AC4550D1BE6EFEE00755434 /* Info.plist */ = {isa = PBXFileReference; lastKnownFileType = text.plist.xml; path = Info.plist; sourceTree = "<group>"; };
		4AC455121BE6EFEE00755434 /* 上下级菜单选择器UITests.xctest */ = {isa = PBXFileReference; explicitFileType = wrapper.cfbundle; includeInIndex = 0; path = "上下级菜单选择器UITests.xctest"; sourceTree = BUILT_PRODUCTS_DIR; };
		4AC455161BE6EFEE00755434 /* ________UITests.m */ = {isa = PBXFileReference; lastKnownFileType = sourcecode.c.objc; path = "________UITests.m"; sourceTree = "<group>"; };
		4AC455181BE6EFEE00755434 /* Info.plist */ = {isa = PBXFileReference; lastKnownFileType = text.plist.xml; path = Info.plist; sourceTree = "<group>"; };
		4AC455251BE6F05700755434 /* XQSelectMenuView.h */ = {isa = PBXFileReference; fileEncoding = 4; lastKnownFileType = sourcecode.c.h; path = XQSelectMenuView.h; sourceTree = "<group>"; };
		4AC455261BE6F05700755434 /* XQSelectMenuView.m */ = {isa = PBXFileReference; fileEncoding = 4; lastKnownFileType = sourcecode.c.objc; path = XQSelectMenuView.m; sourceTree = "<group>"; };
		4AC455281BE6F1BA00755434 /* XQSelectMenuCollectionviewController.h */ = {isa = PBXFileReference; fileEncoding = 4; lastKnownFileType = sourcecode.c.h; path = XQSelectMenuCollectionviewController.h; sourceTree = "<group>"; };
		4AC455291BE6F1BA00755434 /* XQSelectMenuCollectionviewController.m */ = {isa = PBXFileReference; fileEncoding = 4; lastKnownFileType = sourcecode.c.objc; path = XQSelectMenuCollectionviewController.m; sourceTree = "<group>"; };
		4AC4552B1BE6F1DF00755434 /* XQSelectMenuItem.h */ = {isa = PBXFileReference; fileEncoding = 4; lastKnownFileType = sourcecode.c.h; path = XQSelectMenuItem.h; sourceTree = "<group>"; };
		4AC4552C1BE6F1DF00755434 /* XQSelectMenuItem.m */ = {isa = PBXFileReference; fileEncoding = 4; lastKnownFileType = sourcecode.c.objc; path = XQSelectMenuItem.m; sourceTree = "<group>"; };
/* End PBXFileReference section */

/* Begin PBXFrameworksBuildPhase section */
		4AC454EB1BE6EFEE00755434 /* Frameworks */ = {
			isa = PBXFrameworksBuildPhase;
			buildActionMask = 2147483647;
			files = (
			);
			runOnlyForDeploymentPostprocessing = 0;
		};
		4AC455041BE6EFEE00755434 /* Frameworks */ = {
			isa = PBXFrameworksBuildPhase;
			buildActionMask = 2147483647;
			files = (
			);
			runOnlyForDeploymentPostprocessing = 0;
		};
		4AC4550F1BE6EFEE00755434 /* Frameworks */ = {
			isa = PBXFrameworksBuildPhase;
			buildActionMask = 2147483647;
			files = (
			);
			runOnlyForDeploymentPostprocessing = 0;
		};
/* End PBXFrameworksBuildPhase section */

/* Begin PBXGroup section */
		4AC454E51BE6EFEE00755434 = {
			isa = PBXGroup;
			children = (
				4AC454F01BE6EFEE00755434 /* 上下级菜单选择器 */,
				4AC4550A1BE6EFEE00755434 /* 上下级菜单选择器Tests */,
				4AC455151BE6EFEE00755434 /* 上下级菜单选择器UITests */,
				4AC454EF1BE6EFEE00755434 /* Products */,
			);
			sourceTree = "<group>";
		};
		4AC454EF1BE6EFEE00755434 /* Products */ = {
			isa = PBXGroup;
			children = (
				4AC454EE1BE6EFEE00755434 /* 上下级菜单选择器.app */,
				4AC455071BE6EFEE00755434 /* 上下级菜单选择器Tests.xctest */,
				4AC455121BE6EFEE00755434 /* 上下级菜单选择器UITests.xctest */,
			);
			name = Products;
			sourceTree = "<group>";
		};
		4AC454F01BE6EFEE00755434 /* 上下级菜单选择器 */ = {
			isa = PBXGroup;
			children = (
				4AC454F41BE6EFEE00755434 /* AppDelegate.h */,
				4AC454F51BE6EFEE00755434 /* AppDelegate.m */,
				4AC454F71BE6EFEE00755434 /* ViewController.h */,
				4AC454F81BE6EFEE00755434 /* ViewController.m */,
				4AC455241BE6F02700755434 /* XQSelectMenuView */,
				4AC454FD1BE6EFEE00755434 /* Assets.xcassets */,
				4AC454F11BE6EFEE00755434 /* Supporting Files */,
			);
			path = "上下级菜单选择器";
			sourceTree = "<group>";
		};
		4AC454F11BE6EFEE00755434 /* Supporting Files */ = {
			isa = PBXGroup;
			children = (
				4A8AD1B91BE727F3001DA86E /* 1.gif */,
				4AC454FF1BE6EFEE00755434 /* LaunchScreen.storyboard */,
				4AC454FA1BE6EFEE00755434 /* Main.storyboard */,
				4AC455021BE6EFEE00755434 /* Info.plist */,
				4AC454F21BE6EFEE00755434 /* main.m */,
			);
			name = "Supporting Files";
			sourceTree = "<group>";
		};
		4AC4550A1BE6EFEE00755434 /* 上下级菜单选择器Tests */ = {
			isa = PBXGroup;
			children = (
				4AC4550B1BE6EFEE00755434 /* ________Tests.m */,
				4AC4550D1BE6EFEE00755434 /* Info.plist */,
			);
			path = "上下级菜单选择器Tests";
			sourceTree = "<group>";
		};
		4AC455151BE6EFEE00755434 /* 上下级菜单选择器UITests */ = {
			isa = PBXGroup;
			children = (
				4AC455161BE6EFEE00755434 /* ________UITests.m */,
				4AC455181BE6EFEE00755434 /* Info.plist */,
			);
			path = "上下级菜单选择器UITests";
			sourceTree = "<group>";
		};
		4AC455241BE6F02700755434 /* XQSelectMenuView */ = {
			isa = PBXGroup;
			children = (
				4AC455251BE6F05700755434 /* XQSelectMenuView.h */,
				4AC455261BE6F05700755434 /* XQSelectMenuView.m */,
				4AC455281BE6F1BA00755434 /* XQSelectMenuCollectionviewController.h */,
				4AC455291BE6F1BA00755434 /* XQSelectMenuCollectionviewController.m */,
				4AC4552B1BE6F1DF00755434 /* XQSelectMenuItem.h */,
				4AC4552C1BE6F1DF00755434 /* XQSelectMenuItem.m */,
			);
			path = XQSelectMenuView;
			sourceTree = "<group>";
		};
/* End PBXGroup section */

/* Begin PBXNativeTarget section */
		4AC454ED1BE6EFEE00755434 /* 上下级菜单选择器 */ = {
			isa = PBXNativeTarget;
			buildConfigurationList = 4AC4551B1BE6EFEE00755434 /* Build configuration list for PBXNativeTarget "上下级菜单选择器" */;
			buildPhases = (
				4AC454EA1BE6EFEE00755434 /* Sources */,
				4AC454EB1BE6EFEE00755434 /* Frameworks */,
				4AC454EC1BE6EFEE00755434 /* Resources */,
			);
			buildRules = (
			);
			dependencies = (
			);
			name = "上下级菜单选择器";
			productName = "上下级菜单选择器";
			productReference = 4AC454EE1BE6EFEE00755434 /* 上下级菜单选择器.app */;
			productType = "com.apple.product-type.application";
		};
		4AC455061BE6EFEE00755434 /* 上下级菜单选择器Tests */ = {
			isa = PBXNativeTarget;
			buildConfigurationList = 4AC4551E1BE6EFEE00755434 /* Build configuration list for PBXNativeTarget "上下级菜单选择器Tests" */;
			buildPhases = (
				4AC455031BE6EFEE00755434 /* Sources */,
				4AC455041BE6EFEE00755434 /* Frameworks */,
				4AC455051BE6EFEE00755434 /* Resources */,
			);
			buildRules = (
			);
			dependencies = (
				4AC455091BE6EFEE00755434 /* PBXTargetDependency */,
			);
			name = "上下级菜单选择器Tests";
			productName = "上下级菜单选择器Tests";
			productReference = 4AC455071BE6EFEE00755434 /* 上下级菜单选择器Tests.xctest */;
			productType = "com.apple.product-type.bundle.unit-test";
		};
		4AC455111BE6EFEE00755434 /* 上下级菜单选择器UITests */ = {
			isa = PBXNativeTarget;
			buildConfigurationList = 4AC455211BE6EFEE00755434 /* Build configuration list for PBXNativeTarget "上下级菜单选择器UITests" */;
			buildPhases = (
				4AC4550E1BE6EFEE00755434 /* Sources */,
				4AC4550F1BE6EFEE00755434 /* Frameworks */,
				4AC455101BE6EFEE00755434 /* Resources */,
			);
			buildRules = (
			);
			dependencies = (
				4AC455141BE6EFEE00755434 /* PBXTargetDependency */,
			);
			name = "上下级菜单选择器UITests";
			productName = "上下级菜单选择器UITests";
			productReference = 4AC455121BE6EFEE00755434 /* 上下级菜单选择器UITests.xctest */;
			productType = "com.apple.product-type.bundle.ui-testing";
		};
/* End PBXNativeTarget section */

/* Begin PBXProject section */
		4AC454E61BE6EFEE00755434 /* Project object */ = {
			isa = PBXProject;
			attributes = {
				LastUpgradeCheck = 0710;
				ORGANIZATIONNAME = xuqiang;
				TargetAttributes = {
					4AC454ED1BE6EFEE00755434 = {
						CreatedOnToolsVersion = 7.1;
					};
					4AC455061BE6EFEE00755434 = {
						CreatedOnToolsVersion = 7.1;
						TestTargetID = 4AC454ED1BE6EFEE00755434;
					};
					4AC455111BE6EFEE00755434 = {
						CreatedOnToolsVersion = 7.1;
						TestTargetID = 4AC454ED1BE6EFEE00755434;
					};
				};
			};
			buildConfigurationList = 4AC454E91BE6EFEE00755434 /* Build configuration list for PBXProject "上下级菜单选择器" */;
			compatibilityVersion = "Xcode 3.2";
			developmentRegion = English;
			hasScannedForEncodings = 0;
			knownRegions = (
				en,
				Base,
			);
			mainGroup = 4AC454E51BE6EFEE00755434;
			productRefGroup = 4AC454EF1BE6EFEE00755434 /* Products */;
			projectDirPath = "";
			projectRoot = "";
			targets = (
				4AC454ED1BE6EFEE00755434 /* 上下级菜单选择器 */,
				4AC455061BE6EFEE00755434 /* 上下级菜单选择器Tests */,
				4AC455111BE6EFEE00755434 /* 上下级菜单选择器UITests */,
			);
		};
/* End PBXProject section */

/* Begin PBXResourcesBuildPhase section */
		4AC454EC1BE6EFEE00755434 /* Resources */ = {
			isa = PBXResourcesBuildPhase;
			buildActionMask = 2147483647;
			files = (
				4AC455011BE6EFEE00755434 /* LaunchScreen.storyboard in Resources */,
				4AC454FE1BE6EFEE00755434 /* Assets.xcassets in Resources */,
				4A8AD1BA1BE727F3001DA86E /* 1.gif in Resources */,
				4AC454FC1BE6EFEE00755434 /* Main.storyboard in Resources */,
			);
			runOnlyForDeploymentPostprocessing = 0;
		};
		4AC455051BE6EFEE00755434 /* Resources */ = {
			isa = PBXResourcesBuildPhase;
			buildActionMask = 2147483647;
			files = (
			);
			runOnlyForDeploymentPostprocessing = 0;
		};
		4AC455101BE6EFEE00755434 /* Resources */ = {
			isa = PBXResourcesBuildPhase;
			buildActionMask = 2147483647;
			files = (
			);
			runOnlyForDeploymentPostprocessing = 0;
		};
/* End PBXResourcesBuildPhase section */

/* Begin PBXSourcesBuildPhase section */
		4AC454EA1BE6EFEE00755434 /* Sources */ = {
			isa = PBXSourcesBuildPhase;
			buildActionMask = 2147483647;
			files = (
				4AC4552A1BE6F1BA00755434 /* XQSelectMenuCollectionviewController.m in Sources */,
				4AC454F91BE6EFEE00755434 /* ViewController.m in Sources */,
				4AC454F61BE6EFEE00755434 /* AppDelegate.m in Sources */,
				4AC455271BE6F05700755434 /* XQSelectMenuView.m in Sources */,
				4AC4552D1BE6F1DF00755434 /* XQSelectMenuItem.m in Sources */,
				4AC454F31BE6EFEE00755434 /* main.m in Sources */,
			);
			runOnlyForDeploymentPostprocessing = 0;
		};
		4AC455031BE6EFEE00755434 /* Sources */ = {
			isa = PBXSourcesBuildPhase;
			buildActionMask = 2147483647;
			files = (
				4AC4550C1BE6EFEE00755434 /* ________Tests.m in Sources */,
			);
			runOnlyForDeploymentPostprocessing = 0;
		};
		4AC4550E1BE6EFEE00755434 /* Sources */ = {
			isa = PBXSourcesBuildPhase;
			buildActionMask = 2147483647;
			files = (
				4AC455171BE6EFEE00755434 /* ________UITests.m in Sources */,
			);
			runOnlyForDeploymentPostprocessing = 0;
		};
/* End PBXSourcesBuildPhase section */

/* Begin PBXTargetDependency section */
		4AC455091BE6EFEE00755434 /* PBXTargetDependency */ = {
			isa = PBXTargetDependency;
			target = 4AC454ED1BE6EFEE00755434 /* 上下级菜单选择器 */;
			targetProxy = 4AC455081BE6EFEE00755434 /* PBXContainerItemProxy */;
		};
		4AC455141BE6EFEE00755434 /* PBXTargetDependency */ = {
			isa = PBXTargetDependency;
			target = 4AC454ED1BE6EFEE00755434 /* 上下级菜单选择器 */;
			targetProxy = 4AC455131BE6EFEE00755434 /* PBXContainerItemProxy */;
		};
/* End PBXTargetDependency section */

/* Begin PBXVariantGroup section */
		4AC454FA1BE6EFEE00755434 /* Main.storyboard */ = {
			isa = PBXVariantGroup;
			children = (
				4AC454FB1BE6EFEE00755434 /* Base */,
			);
			name = Main.storyboard;
			sourceTree = "<group>";
		};
		4AC454FF1BE6EFEE00755434 /* LaunchScreen.storyboard */ = {
			isa = PBXVariantGroup;
			children = (
				4AC455001BE6EFEE00755434 /* Base */,
			);
			name = LaunchScreen.storyboard;
			sourceTree = "<group>";
		};
/* End PBXVariantGroup section */

/* Begin XCBuildConfiguration section */
		4AC455191BE6EFEE00755434 /* Debug */ = {
			isa = XCBuildConfiguration;
			buildSettings = {
				ALWAYS_SEARCH_USER_PATHS = NO;
				CLANG_CXX_LANGUAGE_STANDARD = "gnu++0x";
				CLANG_CXX_LIBRARY = "libc++";
				CLANG_ENABLE_MODULES = YES;
				CLANG_ENABLE_OBJC_ARC = YES;
				CLANG_WARN_BOOL_CONVERSION = YES;
				CLANG_WARN_CONSTANT_CONVERSION = YES;
				CLANG_WARN_DIRECT_OBJC_ISA_USAGE = YES_ERROR;
				CLANG_WARN_EMPTY_BODY = YES;
				CLANG_WARN_ENUM_CONVERSION = YES;
				CLANG_WARN_INT_CONVERSION = YES;
				CLANG_WARN_OBJC_ROOT_CLASS = YES_ERROR;
				CLANG_WARN_UNREACHABLE_CODE = YES;
				CLANG_WARN__DUPLICATE_METHOD_MATCH = YES;
				"CODE_SIGN_IDENTITY[sdk=iphoneos*]" = "iPhone Developer";
				COPY_PHASE_STRIP = NO;
				DEBUG_INFORMATION_FORMAT = dwarf;
				ENABLE_STRICT_OBJC_MSGSEND = YES;
				ENABLE_TESTABILITY = YES;
				GCC_C_LANGUAGE_STANDARD = gnu99;
				GCC_DYNAMIC_NO_PIC = NO;
				GCC_NO_COMMON_BLOCKS = YES;
				GCC_OPTIMIZATION_LEVEL = 0;
				GCC_PREPROCESSOR_DEFINITIONS = (
					"DEBUG=1",
					"$(inherited)",
				);
				GCC_WARN_64_TO_32_BIT_CONVERSION = YES;
				GCC_WARN_ABOUT_RETURN_TYPE = YES_ERROR;
				GCC_WARN_UNDECLARED_SELECTOR = YES;
				GCC_WARN_UNINITIALIZED_AUTOS = YES_AGGRESSIVE;
				GCC_WARN_UNUSED_FUNCTION = YES;
				GCC_WARN_UNUSED_VARIABLE = YES;
				IPHONEOS_DEPLOYMENT_TARGET = 9.1;
				MTL_ENABLE_DEBUG_INFO = YES;
				ONLY_ACTIVE_ARCH = YES;
				SDKROOT = iphoneos;
				TARGETED_DEVICE_FAMILY = "1,2";
			};
			name = Debug;
		};
		4AC4551A1BE6EFEE00755434 /* Release */ = {
			isa = XCBuildConfiguration;
			buildSettings = {
				ALWAYS_SEARCH_USER_PATHS = NO;
				CLANG_CXX_LANGUAGE_STANDARD = "gnu++0x";
				CLANG_CXX_LIBRARY = "libc++";
				CLANG_ENABLE_MODULES = YES;
				CLANG_ENABLE_OBJC_ARC = YES;
				CLANG_WARN_BOOL_CONVERSION = YES;
				CLANG_WARN_CONSTANT_CONVERSION = YES;
				CLANG_WARN_DIRECT_OBJC_ISA_USAGE = YES_ERROR;
				CLANG_WARN_EMPTY_BODY = YES;
				CLANG_WARN_ENUM_CONVERSION = YES;
				CLANG_WARN_INT_CONVERSION = YES;
				CLANG_WARN_OBJC_ROOT_CLASS = YES_ERROR;
				CLANG_WARN_UNREACHABLE_CODE = YES;
				CLANG_WARN__DUPLICATE_METHOD_MATCH = YES;
				"CODE_SIGN_IDENTITY[sdk=iphoneos*]" = "iPhone Developer";
				COPY_PHASE_STRIP = NO;
				DEBUG_INFORMATION_FORMAT = "dwarf-with-dsym";
				ENABLE_NS_ASSERTIONS = NO;
				ENABLE_STRICT_OBJC_MSGSEND = YES;
				GCC_C_LANGUAGE_STANDARD = gnu99;
				GCC_NO_COMMON_BLOCKS = YES;
				GCC_WARN_64_TO_32_BIT_CONVERSION = YES;
				GCC_WARN_ABOUT_RETURN_TYPE = YES_ERROR;
				GCC_WARN_UNDECLARED_SELECTOR = YES;
				GCC_WARN_UNINITIALIZED_AUTOS = YES_AGGRESSIVE;
				GCC_WARN_UNUSED_FUNCTION = YES;
				GCC_WARN_UNUSED_VARIABLE = YES;
				IPHONEOS_DEPLOYMENT_TARGET = 9.1;
				MTL_ENABLE_DEBUG_INFO = NO;
				SDKROOT = iphoneos;
				TARGETED_DEVICE_FAMILY = "1,2";
				VALIDATE_PRODUCT = YES;
			};
			name = Release;
		};
		4AC4551C1BE6EFEE00755434 /* Debug */ = {
			isa = XCBuildConfiguration;
			buildSettings = {
				ASSETCATALOG_COMPILER_APPICON_NAME = AppIcon;
				INFOPLIST_FILE = "上下级菜单选择器/Info.plist";
				IPHONEOS_DEPLOYMENT_TARGET = 7.0;
				LD_RUNPATH_SEARCH_PATHS = "$(inherited) @executable_path/Frameworks";
				PRODUCT_BUNDLE_IDENTIFIER = "xuqiang.--------";
				PRODUCT_NAME = "$(TARGET_NAME)";
			};
			name = Debug;
		};
		4AC4551D1BE6EFEE00755434 /* Release */ = {
			isa = XCBuildConfiguration;
			buildSettings = {
				ASSETCATALOG_COMPILER_APPICON_NAME = AppIcon;
				INFOPLIST_FILE = "上下级菜单选择器/Info.plist";
				IPHONEOS_DEPLOYMENT_TARGET = 7.0;
				LD_RUNPATH_SEARCH_PATHS = "$(inherited) @executable_path/Frameworks";
				PRODUCT_BUNDLE_IDENTIFIER = "xuqiang.--------";
				PRODUCT_NAME = "$(TARGET_NAME)";
			};
			name = Release;
		};
		4AC4551F1BE6EFEE00755434 /* Debug */ = {
			isa = XCBuildConfiguration;
			buildSettings = {
				BUNDLE_LOADER = "$(TEST_HOST)";
				INFOPLIST_FILE = "上下级菜单选择器Tests/Info.plist";
				LD_RUNPATH_SEARCH_PATHS = "$(inherited) @executable_path/Frameworks @loader_path/Frameworks";
				PRODUCT_BUNDLE_IDENTIFIER = "xuqiang.--------Tests";
				PRODUCT_NAME = "$(TARGET_NAME)";
				TEST_HOST = "$(BUILT_PRODUCTS_DIR)/上下级菜单选择器.app/上下级菜单选择器";
			};
			name = Debug;
		};
		4AC455201BE6EFEE00755434 /* Release */ = {
			isa = XCBuildConfiguration;
			buildSettings = {
				BUNDLE_LOADER = "$(TEST_HOST)";
				INFOPLIST_FILE = "上下级菜单选择器Tests/Info.plist";
				LD_RUNPATH_SEARCH_PATHS = "$(inherited) @executable_path/Frameworks @loader_path/Frameworks";
				PRODUCT_BUNDLE_IDENTIFIER = "xuqiang.--------Tests";
				PRODUCT_NAME = "$(TARGET_NAME)";
				TEST_HOST = "$(BUILT_PRODUCTS_DIR)/上下级菜单选择器.app/上下级菜单选择器";
			};
			name = Release;
		};
		4AC455221BE6EFEE00755434 /* Debug */ = {
			isa = XCBuildConfiguration;
			buildSettings = {
				INFOPLIST_FILE = "上下级菜单选择器UITests/Info.plist";
				LD_RUNPATH_SEARCH_PATHS = "$(inherited) @executable_path/Frameworks @loader_path/Frameworks";
				PRODUCT_BUNDLE_IDENTIFIER = "xuqiang.--------UITests";
				PRODUCT_NAME = "$(TARGET_NAME)";
				TEST_TARGET_NAME = "上下级菜单选择器";
				USES_XCTRUNNER = YES;
			};
			name = Debug;
		};
		4AC455231BE6EFEE00755434 /* Release */ = {
			isa = XCBuildConfiguration;
			buildSettings = {
				INFOPLIST_FILE = "上下级菜单选择器UITests/Info.plist";
				LD_RUNPATH_SEARCH_PATHS = "$(inherited) @executable_path/Frameworks @loader_path/Frameworks";
				PRODUCT_BUNDLE_IDENTIFIER = "xuqiang.--------UITests";
				PRODUCT_NAME = "$(TARGET_NAME)";
				TEST_TARGET_NAME = "上下级菜单选择器";
				USES_XCTRUNNER = YES;
			};
			name = Release;
		};
/* End XCBuildConfiguration section */

/* Begin XCConfigurationList section */
		4AC454E91BE6EFEE00755434 /* Build configuration list for PBXProject "上下级菜单选择器" */ = {
			isa = XCConfigurationList;
			buildConfigurations = (
				4AC455191BE6EFEE00755434 /* Debug */,
				4AC4551A1BE6EFEE00755434 /* Release */,
			);
			defaultConfigurationIsVisible = 0;
			defaultConfigurationName = Release;
		};
		4AC4551B1BE6EFEE00755434 /* Build configuration list for PBXNativeTarget "上下级菜单选择器" */ = {
			isa = XCConfigurationList;
			buildConfigurations = (
				4AC4551C1BE6EFEE00755434 /* Debug */,
				4AC4551D1BE6EFEE00755434 /* Release */,
			);
			defaultConfigurationIsVisible = 0;
			defaultConfigurationName = Release;
		};
		4AC4551E1BE6EFEE00755434 /* Build configuration list for PBXNativeTarget "上下级菜单选择器Tests" */ = {
			isa = XCConfigurationList;
			buildConfigurations = (
				4AC4551F1BE6EFEE00755434 /* Debug */,
				4AC455201BE6EFEE00755434 /* Release */,
			);
			defaultConfigurationIsVisible = 0;
			defaultConfigurationName = Release;
		};
		4AC455211BE6EFEE00755434 /* Build configuration list for PBXNativeTarget "上下级菜单选择器UITests" */ = {
			isa = XCConfigurationList;
			buildConfigurations = (
				4AC455221BE6EFEE00755434 /* Debug */,
				4AC455231BE6EFEE00755434 /* Release */,
			);
			defaultConfigurationIsVisible = 0;
			defaultConfigurationName = Release;
		};
/* End XCConfigurationList section */
	};
	rootObject = 4AC454E61BE6EFEE00755434 /* Project object */;
}
